
Microsoft Visual Studio Solution File, Format Version 12.00
# Visual Studio 15
VisualStudioVersion = 15.0.26430.6
MinimumVisualStudioVersion = 10.0.40219.1
Project("{2150E333-8FDC-42A3-9474-1A3956D46DE8}") = "Solution Items", "Solution Items", "{211EDFE8-A357-49E1-875A-F7DBB367FF99}"
	ProjectSection(SolutionItems) = preProject
		LICENSE = LICENSE
		README.md = README.md
	EndProjectSection
EndProject
Project("{FAE04EC0-301F-11D3-BF4B-00C04F79EFBC}") = "Archon.Http", "Archon.Http\Archon.Http.csproj", "{3079A6EF-6BA0-40C9-B57C-547810B6A690}"
EndProject
Project("{FAE04EC0-301F-11D3-BF4B-00C04F79EFBC}") = "Archon.Http.Tests", "Archon.Http.Tests\Archon.Http.Tests.csproj", "{9F679E85-6092-48A4-AD0B-E39EDDCA97E4}"
EndProject
Global
	GlobalSection(SolutionConfigurationPlatforms) = preSolution
		Debug|Any CPU = Debug|Any CPU
		Debug|Mixed Platforms = Debug|Mixed Platforms
		Debug|x86 = Debug|x86
		Release|Any CPU = Release|Any CPU
		Release|Mixed Platforms = Release|Mixed Platforms
		Release|x86 = Release|x86
	EndGlobalSection
	GlobalSection(ProjectConfigurationPlatforms) = postSolution
		{3079A6EF-6BA0-40C9-B57C-547810B6A690}.Debug|Any CPU.ActiveCfg = Debug|Any CPU
		{3079A6EF-6BA0-40C9-B57C-547810B6A690}.Debug|Any CPU.Build.0 = Debug|Any CPU
		{3079A6EF-6BA0-40C9-B57C-547810B6A690}.Debug|Mixed Platforms.ActiveCfg = Debug|Any CPU
		{3079A6EF-6BA0-40C9-B57C-547810B6A690}.Debug|Mixed Platforms.Build.0 = Debug|Any CPU
		{3079A6EF-6BA0-40C9-B57C-547810B6A690}.Debug|x86.ActiveCfg = Debug|Any CPU
		{3079A6EF-6BA0-40C9-B57C-547810B6A690}.Debug|x86.Build.0 = Debug|Any CPU
		{3079A6EF-6BA0-40C9-B57C-547810B6A690}.Release|Any CPU.ActiveCfg = Release|Any CPU
		{3079A6EF-6BA0-40C9-B57C-547810B6A690}.Release|Any CPU.Build.0 = Release|Any CPU
		{3079A6EF-6BA0-40C9-B57C-547810B6A690}.Release|Mixed Platforms.ActiveCfg = Release|Any CPU
		{3079A6EF-6BA0-40C9-B57C-547810B6A690}.Release|Mixed Platforms.Build.0 = Release|Any CPU
		{3079A6EF-6BA0-40C9-B57C-547810B6A690}.Release|x86.ActiveCfg = Release|Any CPU
		{3079A6EF-6BA0-40C9-B57C-547810B6A690}.Release|x86.Build.0 = Release|Any CPU
		{9F679E85-6092-48A4-AD0B-E39EDDCA97E4}.Debug|Any CPU.ActiveCfg = Debug|Any CPU
		{9F679E85-6092-48A4-AD0B-E39EDDCA97E4}.Debug|Any CPU.Build.0 = Debug|Any CPU
		{9F679E85-6092-48A4-AD0B-E39EDDCA97E4}.Debug|Mixed Platforms.ActiveCfg = Debug|Any CPU
		{9F679E85-6092-48A4-AD0B-E39EDDCA97E4}.Debug|Mixed Platforms.Build.0 = Debug|Any CPU
		{9F679E85-6092-48A4-AD0B-E39EDDCA97E4}.Debug|x86.ActiveCfg = Debug|Any CPU
		{9F679E85-6092-48A4-AD0B-E39EDDCA97E4}.Debug|x86.Build.0 = Debug|Any CPU
		{9F679E85-6092-48A4-AD0B-E39EDDCA97E4}.Release|Any CPU.ActiveCfg = Release|Any CPU
		{9F679E85-6092-48A4-AD0B-E39EDDCA97E4}.Release|Any CPU.Build.0 = Release|Any CPU
		{9F679E85-6092-48A4-AD0B-E39EDDCA97E4}.Release|Mixed Platforms.ActiveCfg = Release|Any CPU
		{9F679E85-6092-48A4-AD0B-E39EDDCA97E4}.Release|Mixed Platforms.Build.0 = Release|Any CPU
		{9F679E85-6092-48A4-AD0B-E39EDDCA97E4}.Release|x86.ActiveCfg = Release|Any CPU
		{9F679E85-6092-48A4-AD0B-E39EDDCA97E4}.Release|x86.Build.0 = Release|Any CPU
	EndGlobalSection
	GlobalSection(SolutionProperties) = preSolution
		HideSolutionNode = FALSE
	EndGlobalSection
EndGlobal
